github.com/GeertJohan/go.rice v0.0.0-20170420135705-c02ca9a983da h1:UVU3a9pRUyLdnBtn60WjRl0s4SEyJc2ChCY56OAR6wI=
github.com/GeertJohan/go.rice v0.0.0-20170420135705-c02ca9a983da/go.mod h1:DgrzXonpdQbfN3uYaGz1EG4Sbhyum/MMIn6Cphlh2bw=
github.com/daaku/go.zipexe v1.0.1 h1:wV4zMsDOI2SZ2m7Tdz1Ps96Zrx+TzaK15VbUaGozw0M=
github.com/daaku/go.zipexe v1.0.1/go.mod h1:5xWogtqlYnfBXkSB1o9xysukNP9GTvaNkqzUZbt3Bw8=
github.com/davecgh/go-spew v1.1.0 h1:ZDRjVQ15GmhC3fiQ8ni8+OwkZQO4DARzQgrnXU1Liz8=
github.com/davecgh/go-spew v1.1.0/go.mod h1:J7Y8YcW2NihsgmVo/mv3lAwl/skON4iLHjSsI+c5H38=
github.com/gorilla/mux v1.7.1 h1:Dw4jY2nghMMRsh1ol8dv1axHkDwMQK2DHerMNJsIpJU=
github.com/gorilla/mux v1.7.1/go.mod h1:1lud6UwP+6orDFRuTfBEV8e9/aOM/c4fVVCaMa2zaAs=
github.com/gorilla/rpc v1.1.0 h1:marKfvVP0Gpd/jHlVBKCQ8RAoUPdX7K1Nuh6l1BNh7A=
github.com/gorilla/rpc v1.1.0/go.mod h1:V4h9r+4sF5HnzqbwIez0fKSpANP0zlYd3qR7p36jkTQ=
github.com/jessevdk/go-flags v1.3.0 h1:QmKsgik/Z5fJ11ZtlcA8F+XW9dNybBNFQ1rngF3MmdU=
github.com/jessevdk/go-flags v1.3.0/go.mod h1:4FA24M0QyGHXBuZZK/XkWh8h0e1EYbRYJSGM75WSRxI=
github.com/kardianos/osext v0.0.0-20170510131534-ae77be60afb1 h1:PJPDf8OUfOK1bb/NeTKd4f1QXZItOX389VN3B6qC8ro=
github.com/kardianos/osext v0.0.0-20170510131534-ae77be60afb1/go.mod h1:1NbS8ALrpOvjt0rHPNLyCIeMtbizbir8U//inJ+zuB8=
github.com/ochinchina/go-ini v1.0.1 h1:qrKGrgxJjY+4H8aV7B2HPohShzHGrymW+/X1Gx933zU=
github.com/ochinchina/go-ini v1.0.1/go.mod h1:Tqs5+JmccLSNMX1KXbbyG/B3ro4J9uXVYC5U5VOeRE8=
github.com/ochinchina/go-reaper v0.0.0-20181016012355-6b11389e79fc h1:oyaVoTfmN7Xe06URvpaKK8GDZr0YJFKhmKi37rE0a3c=
github.com/ochinchina/go-reaper v0.0.0-20181016012355-6b11389e79fc/go.mod h1:SmX+KYO+b7mEApGBUNwjdJpRQwAdb0Rlzoh8G77K55I=
github.com/ochinchina/gorilla-xmlrpc v0.0.0-20171012055324-ecf2fe693a2c h1:6xgMUqscagnZicBedm1h4T3q6IQHbrrZp7bker+toOI=
github.com/ochinchina/gorilla-xmlrpc v0.0.0-20171012055324-ecf2fe693a2c/go.mod h1:/gFmJ8Das0jFgYxzt/RkvAO62T/ZPcyTaZlOkEBu/jw=
github.com/pmezard/go-difflib v1.0.0 h1:4DBwDE0NGyQoBHbLQYPwSUPoCMWR5BEzIk/f1lZbAQM=
github.com/pmezard/go-difflib v1.0.0/go.mod h1:iKH77koFhYxTK1pcRnkKkqfTogsbg7gZNVY4sRDYZ/4=
github.com/rogpeppe/go-charset v0.0.0-20180617210344-2471d30d28b4 h1:BN/Nyn2nWMoqGRA7G7paDNDqTXE30mXGqzzybrfo05w=
github.com/rogpeppe/go-charset v0.0.0-20180617210344-2471d30d28b4/go.mod h1:qgYeAmZ5ZIpBWTGllZSQnw97Dj+woV0toclVaRGI8pc=
github.com/sevlyar/go-daemon v0.1.1 h1:2/2BKMKPWOdNxTId0dGweFB22w4I38HV1s4AQZTzJE0=
github.com/sevlyar/go-daemon v0.1.1/go.mod h1:6dJpPatBT9eUwM5VCw9Bt6CdX9Tk6UWvhW3MebLDRKE=
github.com/sirupsen/logrus v0.0.0-20170713114250-a3f95b5c4235 h1:a2XWU6egUZQhD52o2GEKr79zE+OuZmwLybyOQpoqhHQ=
github.com/sirupsen/logrus v0.0.0-20170713114250-a3f95b5c4235/go.mod h1:pMByvHTf9Beacp5x1UXfOR9xyW/9antXMhjMPG0dEzc=
github.com/stretchr/objx v0.1.0/go.mod h1:HFkY916IF+rwdDfMAkV7OtwuqBVzrE8GR6GFx+wExME=
github.com/stretchr/testify v1.3.0 h1:TivCn/peBQ7UY8ooIcPgZFpTNSz0Q2U6UrFlUfqbe0Q=
github.com/stretchr/testify v1.3.0/go.mod h1:M5WIy9Dh21IEIfnGCwXGc5bZfKNJtfHm1UVUgZn+9EI=
golang.org/x/sys v0.0.0-20170814044513-c84c1ab9fd18 h1:IoiXxANYbZRybSGnlkI5TZv53JFaYJACyByrcuQnzSk=
golang.org/x/sys v0.0.0-20170814044513-c84c1ab9fd18/go.mod h1:STP8DvDyc/dI5b8T5hshtkjS+E42TnysNCUPdjciGhY=
