# This file is autogenerated, do not edit; changes may be undone by the next 'dep ensure'.


[[projects]]
  name = "github.com/Sirupsen/logrus"
  packages = ["."]
  revision = "a3f95b5c423586578a4e099b11a46c2479628cac"
  version = "1.0.2"

[[projects]]
  branch = "master"
  name = "github.com/alexbrainman/ps"
  packages = [
    ".",
    "winapi"
  ]
  revision = "f37a767b4c3e86b29ded78636a7bb741a3613a1e"

[[projects]]
  name = "github.com/gorilla/rpc"
  packages = ["."]
  revision = "22c016f3df3febe0c1f6727598b6389507e03a18"
  version = "v1.1.0"

[[projects]]
  name = "github.com/jessevdk/go-flags"
  packages = ["."]
  revision = "96dc06278ce32a0e9d957d590bb987c81ee66407"
  version = "v1.3.0"

[[projects]]
  branch = "master"
  name = "github.com/kardianos/osext"
  packages = ["."]
  revision = "ae77be60afb1dcacde03767a8c37337fad28ac14"

[[projects]]
  branch = "master"
  name = "github.com/ochinchina/go-ini"
  packages = ["."]
  revision = "378031a63e2d8155b39b81b225b7351bc11a6ffc"

[[projects]]
  branch = "master"
  name = "github.com/ochinchina/gorilla-xmlrpc"
  packages = ["xml"]
  revision = "d37a0d21ebabd0d9b59cd868499d6af4673ee9fe"

[[projects]]
  branch = "master"
  name = "github.com/rogpeppe/go-charset"
  packages = [
    "charset",
    "data"
  ]
  revision = "e9ff06f347d3f5d0013d59ed83754f0e88de10d4"

[[projects]]
  name = "github.com/sevlyar/go-daemon"
  packages = ["."]
  revision = "1ae26ef5036ad04968706917222a23c535673d8c"
  version = "v0.1.1"

[[projects]]
  branch = "master"
  name = "golang.org/x/sys"
  packages = [
    "unix",
    "windows"
  ]
  revision = "c84c1ab9fd18cdd4c23dd021c10f5f46dea95e46"

[solve-meta]
  analyzer-name = "dep"
  analyzer-version = 1
  inputs-digest = "f72db4a067782c8ee7469dc56a1d414665cce15a7a3cd0e68aa25f8386056640"
  solver-name = "gps-cdcl"
  solver-version = 1
