# This file is autogenerated, do not edit; changes may be undone by the next 'dep ensure'.


[[projects]]
  name = "github.com/sirupsen/logrus"
  packages = ["."]
  revision = "a3f95b5c423586578a4e099b11a46c2479628cac"
  version = "1.0.2"

[[projects]]
  name = "github.com/ochinchina/go-ini"
  packages = ["."]
  revision = "e85fd2395f660242cb2eb02419423297e7b8c2a3"
  version = "v1.0.1"

[[projects]]
  name = "github.com/gorilla/rpc"
  packages = ["."]
  revision = "22c016f3df3febe0c1f6727598b6389507e03a18"
  version = "v1.1.0"

[[projects]]
  name = "github.com/jessevdk/go-flags"
  packages = ["."]
  revision = "96dc06278ce32a0e9d957d590bb987c81ee66407"
  version = "v1.3.0"

[[projects]]
  branch = "master"
  name = "github.com/kardianos/osext"
  packages = ["."]
  revision = "ae77be60afb1dcacde03767a8c37337fad28ac14"

[[projects]]
  name = "github.com/ochinchina/gorilla-xmlrpc"
  packages = ["xml"]
  revision = "ecf2fe693a2ca10ce68d2c7d4c559f1a57d2c845"
  version = "v1.0"

[[projects]]
  branch = "master"
  name = "github.com/rogpeppe/go-charset"
  packages = ["charset","data"]
  revision = "e9ff06f347d3f5d0013d59ed83754f0e88de10d4"

[[projects]]
  name = "github.com/sevlyar/go-daemon"
  packages = ["."]
  revision = "1ae26ef5036ad04968706917222a23c535673d8c"
  version = "v0.1.1"

[[projects]]
  branch = "master"
  name = "golang.org/x/sys"
  packages = ["unix"]
  revision = "c84c1ab9fd18cdd4c23dd021c10f5f46dea95e46"

[[projects]]
  branch = "master"
  name = "github.com/GeertJohan/go.rice"
  packages = ["go.rice"]
  revision = "c02ca9a983da5807ddf7d796784928f5be4afd09"

[[projects]]
  branch = "master"
  name = "github.com/ramr/go-reaper"
  packages = ["."]
  revision = "35f6a64e44ff062abfcec2d27cef674212d445c0"

[solve-meta]
  analyzer-name = "dep"
  analyzer-version = 1
  inputs-digest = "d765dd3cd60e45504031ba3cbd8f4b516e314572e0047939f23118993a985b67"
  solver-name = "gps-cdcl"
  solver-version = 1
