version: 6
environments:
  default:
    channels:
    - url: https://conda.anaconda.org/conda-forge/
    packages:
      linux-64:
      - conda: https://conda.anaconda.org/conda-forge/linux-64/_go_select-2.3.0-cgo.tar.bz2
      - conda: https://conda.anaconda.org/conda-forge/linux-64/_libgcc_mutex-0.1-conda_forge.tar.bz2
      - conda: https://conda.anaconda.org/conda-forge/linux-64/_openmp_mutex-4.5-2_gnu.tar.bz2
      - conda: https://conda.anaconda.org/conda-forge/linux-64/binutils-2.43-h4852527_5.conda
      - conda: https://conda.anaconda.org/conda-forge/linux-64/binutils_impl_linux-64-2.43-h4bf12b8_5.conda
      - conda: https://conda.anaconda.org/conda-forge/linux-64/binutils_linux-64-2.43-h4852527_5.conda
      - conda: https://conda.anaconda.org/conda-forge/linux-64/c-compiler-1.10.0-h2b85faf_0.conda
      - conda: https://conda.anaconda.org/conda-forge/linux-64/gcc-13.3.0-h9576a4e_2.conda
      - conda: https://conda.anaconda.org/conda-forge/linux-64/gcc_impl_linux-64-13.3.0-h1e990d8_2.conda
      - conda: https://conda.anaconda.org/conda-forge/linux-64/gcc_linux-64-13.3.0-h6f18a23_11.conda
      - conda: https://conda.anaconda.org/conda-forge/linux-64/go-1.24.4-hc4c73a6_0.conda
      - conda: https://conda.anaconda.org/conda-forge/noarch/kernel-headers_linux-64-5.14.0-h8bc681e_0.conda
      - conda: https://conda.anaconda.org/conda-forge/linux-64/ld_impl_linux-64-2.43-h712a8e2_5.conda
      - conda: https://conda.anaconda.org/conda-forge/linux-64/libgcc-15.1.0-h767d61c_3.conda
      - conda: https://conda.anaconda.org/conda-forge/noarch/libgcc-devel_linux-64-13.3.0-hc03c837_102.conda
      - conda: https://conda.anaconda.org/conda-forge/linux-64/libgfortran-15.1.0-h69a702a_3.conda
      - conda: https://conda.anaconda.org/conda-forge/linux-64/libgfortran5-15.1.0-hcea5267_3.conda
      - conda: https://conda.anaconda.org/conda-forge/linux-64/libgomp-15.1.0-h767d61c_3.conda
      - conda: https://conda.anaconda.org/conda-forge/linux-64/libsanitizer-13.3.0-he8ea267_2.conda
      - conda: https://conda.anaconda.org/conda-forge/linux-64/libstdcxx-15.1.0-h8f9b012_3.conda
      - conda: https://conda.anaconda.org/conda-forge/noarch/sysroot_linux-64-2.34-h8bc681e_0.conda
      - conda: https://conda.anaconda.org/conda-forge/noarch/tzdata-2025b-h78e105d_0.conda
packages:
- conda: https://conda.anaconda.org/conda-forge/linux-64/_go_select-2.3.0-cgo.tar.bz2
  sha256: d86836d4f3094b4ac149dcdc55f1f12be6e84ed1206a4234404a024e49769832
  md5: 76f94c0e00d08432e003a7b54a1adf53
  license: BSD-3-Clause
  license_family: BSD
  size: 4875
  timestamp: 1586504607438
- conda: https://conda.anaconda.org/conda-forge/linux-64/_libgcc_mutex-0.1-conda_forge.tar.bz2
  sha256: fe51de6107f9edc7aa4f786a70f4a883943bc9d39b3bb7307c04c41410990726
  md5: d7c89558ba9fa0495403155b64376d81
  license: None
  size: 2562
  timestamp: 1578324546067
- conda: https://conda.anaconda.org/conda-forge/linux-64/_openmp_mutex-4.5-2_gnu.tar.bz2
  build_number: 16
  sha256: fbe2c5e56a653bebb982eda4876a9178aedfc2b545f25d0ce9c4c0b508253d22
  md5: 73aaf86a425cc6e73fcf236a5a46396d
  depends:
  - _libgcc_mutex 0.1 conda_forge
  - libgomp >=7.5.0
  constrains:
  - openmp_impl 9999
  license: BSD-3-Clause
  license_family: BSD
  size: 23621
  timestamp: 1650670423406
- conda: https://conda.anaconda.org/conda-forge/linux-64/binutils-2.43-h4852527_5.conda
  sha256: 2f2a9b6d1cb24eb1df0bd820f35e089fbecab15d8952075b53dc931d89bf98cb
  md5: 4846404183ea94fd6652e9fb6ac5e16f
  depends:
  - binutils_impl_linux-64 >=2.43,<2.44.0a0
  license: GPL-3.0-only
  license_family: GPL
  size: 35281
  timestamp: 1749852911395
- conda: https://conda.anaconda.org/conda-forge/linux-64/binutils_impl_linux-64-2.43-h4bf12b8_5.conda
  sha256: 27ae158d415ff2942214b32ac7952e642f0f4c2a45ab683691e2a9a9159f868c
  md5: 18852d82df8e5737e320a8731ace51b9
  depends:
  - ld_impl_linux-64 2.43 h712a8e2_5
  - sysroot_linux-64
  license: GPL-3.0-only
  license_family: GPL
  size: 6376971
  timestamp: 1749852878015
- conda: https://conda.anaconda.org/conda-forge/linux-64/binutils_linux-64-2.43-h4852527_5.conda
  sha256: fccbb1974d5557cd5bd4dfccc13c0d15ca198c6a45c2124341dea8c952538512
  md5: 327ef163ac88b57833c1c1a20a9e7e0d
  depends:
  - binutils_impl_linux-64 2.43 h4bf12b8_5
  license: GPL-3.0-only
  license_family: GPL
  size: 36038
  timestamp: 1749852914153
- conda: https://conda.anaconda.org/conda-forge/linux-64/c-compiler-1.10.0-h2b85faf_0.conda
  sha256: 70be54bfe92b72794f664ad95b6fcef74d508710a9b2d790bc9c69f5a40239c3
  md5: 9256b7e5e900a1b98aedc8d6ffe91bec
  depends:
  - binutils
  - gcc
  - gcc_linux-64 13.*
  license: BSD-3-Clause
  license_family: BSD
  size: 6667
  timestamp: 1751115555092
- conda: https://conda.anaconda.org/conda-forge/linux-64/gcc-13.3.0-h9576a4e_2.conda
  sha256: 300f077029e7626d69cc250a69acd6018c1fced3f5bf76adf37854f3370d2c45
  md5: d92e51bf4b6bdbfe45e5884fb0755afe
  depends:
  - gcc_impl_linux-64 13.3.0.*
  license: BSD-3-Clause
  license_family: BSD
  size: 55246
  timestamp: 1740240578937
- conda: https://conda.anaconda.org/conda-forge/linux-64/gcc_impl_linux-64-13.3.0-h1e990d8_2.conda
  sha256: c3e9f243ea8292eecad78bb200d8f5b590e0f82bf7e7452a3a7c8df4eea6f774
  md5: f46cf0acdcb6019397d37df1e407ab91
  depends:
  - binutils_impl_linux-64 >=2.40
  - libgcc >=13.3.0
  - libgcc-devel_linux-64 13.3.0 hc03c837_102
  - libgomp >=13.3.0
  - libsanitizer 13.3.0 he8ea267_2
  - libstdcxx >=13.3.0
  - sysroot_linux-64
  license: GPL-3.0-only WITH GCC-exception-3.1
  license_family: GPL
  size: 66770653
  timestamp: 1740240400031
- conda: https://conda.anaconda.org/conda-forge/linux-64/gcc_linux-64-13.3.0-h6f18a23_11.conda
  sha256: b2533388ec510ef0fc95774f15fdfb89582623049494506ea27622333f90bc09
  md5: 639ef869618e311eee4888fcb40747e2
  depends:
  - binutils_linux-64
  - gcc_impl_linux-64 13.3.0.*
  - sysroot_linux-64
  license: BSD-3-Clause
  license_family: BSD
  size: 32538
  timestamp: 1748905867619
- conda: https://conda.anaconda.org/conda-forge/linux-64/go-1.24.4-hc4c73a6_0.conda
  sha256: 48807c0be0e3d3dbcfbb569e2a4622b84495d5159c77907ddb362b8b4e250f48
  md5: 2b22f80d895b0828cfe49ebef7e1d02d
  depends:
  - __glibc >=2.17,<3.0.a0
  - _go_select ==2.3.0 cgo
  - libgcc >=13
  - libgfortran
  - libgfortran5 >=13.3.0
  - libstdcxx >=13
  constrains:
  - gfortran_linux-64 13.*
  - gcc_linux-64 13.*
  - gxx_linux-64 13.*
  license: BSD-3-Clause
  license_family: BSD
  size: 63698533
  timestamp: 1749220597171
- conda: https://conda.anaconda.org/conda-forge/noarch/kernel-headers_linux-64-5.14.0-h8bc681e_0.conda
  sha256: 1a6f93e76adbc6e603b26afe778df92aac8496685cc08b1b392661086cf59623
  md5: 4a62b1f923962a289bb64eaafeb49910
  constrains:
  - sysroot_linux-64 ==2.34
  license: LGPL-2.0-or-later AND LGPL-2.0-or-later WITH exceptions AND GPL-2.0-or-later
  license_family: GPL
  size: 1345035
  timestamp: 1729999908687
- conda: https://conda.anaconda.org/conda-forge/linux-64/ld_impl_linux-64-2.43-h712a8e2_5.conda
  sha256: de097284f497b391fe9d000c75b684583c30aad172d9508ed05df23ce39d75cb
  md5: acd9213a63cb62521290e581ef82de80
  depends:
  - __glibc >=2.17,<3.0.a0
  constrains:
  - binutils_impl_linux-64 2.43
  license: GPL-3.0-only
  license_family: GPL
  size: 670525
  timestamp: 1749852860076
- conda: https://conda.anaconda.org/conda-forge/linux-64/libgcc-15.1.0-h767d61c_3.conda
  sha256: 59a87161212abe8acc57d318b0cc8636eb834cdfdfddcf1f588b5493644b39a3
  md5: 9e60c55e725c20d23125a5f0dd69af5d
  depends:
  - __glibc >=2.17,<3.0.a0
  - _openmp_mutex >=4.5
  constrains:
  - libgcc-ng ==15.1.0=*_3
  - libgomp 15.1.0 h767d61c_3
  license: GPL-3.0-only WITH GCC-exception-3.1
  license_family: GPL
  size: 824921
  timestamp: 1750808216066
- conda: https://conda.anaconda.org/conda-forge/noarch/libgcc-devel_linux-64-13.3.0-hc03c837_102.conda
  sha256: 538544a2e0651bfeb0348ca6469b6b608606f6080a0b5a531af3a3852fec0215
  md5: 4c1d6961a6a54f602ae510d9bf31fa60
  depends:
  - __unix
  license: GPL-3.0-only WITH GCC-exception-3.1
  license_family: GPL
  size: 2597400
  timestamp: 1740240211859
- conda: https://conda.anaconda.org/conda-forge/linux-64/libgfortran-15.1.0-h69a702a_3.conda
  sha256: 77dd1f1efd327e6991e87f09c7c97c4ae1cfbe59d9485c41d339d6391ac9c183
  md5: bfbca721fd33188ef923dfe9ba172f29
  depends:
  - libgfortran5 15.1.0 hcea5267_3
  constrains:
  - libgfortran-ng ==15.1.0=*_3
  license: GPL-3.0-only WITH GCC-exception-3.1
  license_family: GPL
  size: 29057
  timestamp: 1750808257258
- conda: https://conda.anaconda.org/conda-forge/linux-64/libgfortran5-15.1.0-hcea5267_3.conda
  sha256: eea6c3cf22ad739c279b4d665e6cf20f8081f483b26a96ddd67d4df3c88dfa0a
  md5: 530566b68c3b8ce7eec4cd047eae19fe
  depends:
  - __glibc >=2.17,<3.0.a0
  - libgcc >=15.1.0
  constrains:
  - libgfortran 15.1.0
  license: GPL-3.0-only WITH GCC-exception-3.1
  license_family: GPL
  size: 1565627
  timestamp: 1750808236464
- conda: https://conda.anaconda.org/conda-forge/linux-64/libgomp-15.1.0-h767d61c_3.conda
  sha256: 43710ab4de0cd7ff8467abff8d11e7bb0e36569df04ce1c099d48601818f11d1
  md5: 3cd1a7238a0dd3d0860fdefc496cc854
  depends:
  - __glibc >=2.17,<3.0.a0
  license: GPL-3.0-only WITH GCC-exception-3.1
  license_family: GPL
  size: 447068
  timestamp: 1750808138400
- conda: https://conda.anaconda.org/conda-forge/linux-64/libsanitizer-13.3.0-he8ea267_2.conda
  sha256: 27c4c8bf8e2dd60182d47274389be7c70446df6ed5344206266321ee749158b4
  md5: 2b6cdf7bb95d3d10ef4e38ce0bc95dba
  depends:
  - __glibc >=2.17,<3.0.a0
  - libgcc >=13.3.0
  - libstdcxx >=13.3.0
  license: GPL-3.0-only WITH GCC-exception-3.1
  license_family: GPL
  size: 4155341
  timestamp: 1740240344242
- conda: https://conda.anaconda.org/conda-forge/linux-64/libstdcxx-15.1.0-h8f9b012_3.conda
  sha256: 7650837344b7850b62fdba02155da0b159cf472b9ab59eb7b472f7bd01dff241
  md5: 6d11a5edae89fe413c0569f16d308f5a
  depends:
  - __glibc >=2.17,<3.0.a0
  - libgcc 15.1.0 h767d61c_3
  license: GPL-3.0-only WITH GCC-exception-3.1
  license_family: GPL
  size: 3896407
  timestamp: 1750808251302
- conda: https://conda.anaconda.org/conda-forge/noarch/sysroot_linux-64-2.34-h8bc681e_0.conda
  sha256: f58cf7e0c790bb7e8678ec122b806e3b7733d0e8d18e334266283ce3e2d82d69
  md5: ee08592458e9a1ff26de931a1864505f
  depends:
  - kernel-headers_linux-64 5.14.0 h8bc681e_0
  - tzdata
  track_features:
  - sysroot_linux-64_2.34
  - sysroot_linux-64_2.34_feature_2
  - sysroot_linux-64_2.34_feature_3
  license: LGPL-2.0-or-later AND LGPL-2.0-or-later WITH exceptions AND GPL-2.0-or-later
  license_family: GPL
  size: 41079758
  timestamp: 1729999920769
- conda: https://conda.anaconda.org/conda-forge/noarch/tzdata-2025b-h78e105d_0.conda
  sha256: 5aaa366385d716557e365f0a4e9c3fca43ba196872abbbe3d56bb610d131e192
  md5: 4222072737ccff51314b5ece9c7d6f5a
  license: LicenseRef-Public-Domain
  size: 122968
  timestamp: 1742727099393
