github.com/gorilla/rpc v1.2.1 h1:yC+LMV5esttgpVvNORL/xX4jvTTEUE30UZhZ5JF7K9k=
github.com/gorilla/rpc v1.2.1/go.mod h1:uNpOihAlF5xRFLuTYhfR0yfCTm0WTQSQttkMSptRfGk=
github.com/ochinchina/gorilla-xmlrpc v1.0.4 h1:jjhc9glo2yCb7/habcJM0fQQ+/8eivkbX0M7eZvoxTs=
github.com/ochinchina/gorilla-xmlrpc v1.0.4/go.mod h1:skzPPLq9I8i1WS5rFO9fSz8WottmFXbKBgzj271R3ZE=
github.com/ochinchina/supervisord/events v0.0.0-20260817032106-ebc9ca97cf12 h1:xx2W9QDnIOpKhkic90YV9rPLNoh+xxabSY4Eyf5wyeA=
github.com/ochinchina/supervisord/events v0.0.0-20260817032106-ebc9ca97cf12/go.mod h1:Y9Gjv9itXwhg/eMuajMK5szUZjdGUiE5bN9nUuP5qUQ=
github.com/ochinchina/supervisord/faults v0.0.0-20260827023808-368eb5d6ad92 h1:TMmvW3qQjgJfiOZQAr3McJmX/lfrvrOIzxGJW0cHlNw=
github.com/ochinchina/supervisord/faults v0.0.0-20260827023808-368eb5d6ad92/go.mod h1:64kk0PQYHgvW7TghPfOWk4y3TVpJ7oUmm77TR82PIQI=
github.com/rogpeppe/go-charset v0.0.0-20190617161244-0dc95cdf6f31 h1:DE4LcMKyqAVa6a0CGmVxANbnVb7stzMmPkQiieyNmfQ=
github.com/rogpeppe/go-charset v0.0.0-20190617161244-0dc95cdf6f31/go.mod h1:qgYeAmZ5ZIpBWTGllZSQnw97Dj+woV0toclVaRGI8pc=
github.com/sirupsen/logrus v1.9.4 h1:TsZE7l11zFCLZnZ+teH4Umoq5BhEIfIzfRDZ1Uzql2w=
github.com/sirupsen/logrus v1.9.4/go.mod h1:ftWc9WdOfJ0a92nsE2jF5u5ZwH8Bv2zdeOC42RjbV2g=
github.com/stretchr/testify v1.12.1 h1:EuwCh5fleGS7H32xRwO3wRGT7DxrDhLAT6FF8MpWDWE=
github.com/stretchr/testify v1.12.1/go.mod h1:MDEgiDPPsNp5cuIrHPPCyornHKgEVbtFUmoNlxoYthg=
go.yaml.in/yaml/v3 v3.0.5 h1:N6y/pJk8buWs9NY5ERU2HSMfm+IuD/OtfdAnq6kESPw=
go.yaml.in/yaml/v3 v3.0.5/go.mod h1:HVTZu1O7/Vkt2N+BFy8Zza+lnLsABggaTM2ZpNIGuKg=
golang.org/x/sys v0.47.0 h1:o7XGOvZQCADBQQ4Y7VNq2dRWQR7JmOUW8Kxx4ZsNgWs=
golang.org/x/sys v0.47.0/go.mod h1:4GL1E5IUh+htKOUEOaiffhrAeqysfVGipDYzABqnCmw=
